PODS:
  - KRActivityIndicatorView (3.0.0)
  - KRProgressHUD (3.4.0):
    - KRActivityIndicatorView (= 3.0.0)

DEPENDENCIES:
  - KRProgressHUD

SPEC REPOS:
  https://github.com/cocoapods/specs.git:
    - KRActivityIndicatorView
    - KRProgressHUD

SPEC CHECKSUMS:
  KRActivityIndicatorView: c414000730a6f4969eeb354bee4f2aebc89c2c2e
  KRProgressHUD: 79c8703f82179fe34b3602f10b30726f887983fa

PODFILE CHECKSUM: c553fc8a2c10cd0bd69705efea5945e8c10fad73

COCOAPODS: 1.5.3
